// !$*UTF8*$!
{
	archiveVersion = 1;
	classes = {
	};
	objectVersion = 46;
	objects = {

/* Begin PBXBuildFile section */
		2BA1AE78C20540738142CF2B /* libPods-KZCollectionViewTableLayoutTests.a in Frameworks */ = {isa = PBXBuildFile; fileRef = 3F492C43D111405AA7A7E511 /* libPods-KZCollectionViewTableLayoutTests.a */; };
		7F0729A5186542E800D3412D /* KZTableLayoutCellDelegate.m in Sources */ = {isa = PBXBuildFile; fileRef = 7F0729A4186542E800D3412D /* KZTableLayoutCellDelegate.m */; };
		7F0729A8186543C400D3412D /* KZTableLayoutCellAndHeaderDelegate.m in Sources */ = {isa = PBXBuildFile; fileRef = 7F0729A7186543C400D3412D /* KZTableLayoutCellAndHeaderDelegate.m */; };
		7F0729AE1867B40500D3412D /* KZLabeledHeaderView.m in Sources */ = {isa = PBXBuildFile; fileRef = 7F0729AD1867B40500D3412D /* KZLabeledHeaderView.m */; };
		7F09A6CE185B6801003F31D0 /* KZLabelCell.m in Sources */ = {isa = PBXBuildFile; fileRef = 7F09A6CD185B6801003F31D0 /* KZLabelCell.m */; };
		7F09A6D5185B6E30003F31D0 /* KZTableLabelDataSource.m in Sources */ = {isa = PBXBuildFile; fileRef = 7F09A6D4185B6E30003F31D0 /* KZTableLabelDataSource.m */; };
		7F1B56D6185663BC000DF816 /* Foundation.framework in Frameworks */ = {isa = PBXBuildFile; fileRef = 7F1B56D5185663BC000DF816 /* Foundation.framework */; };
		7F1B56D8185663BC000DF816 /* CoreGraphics.framework in Frameworks */ = {isa = PBXBuildFile; fileRef = 7F1B56D7185663BC000DF816 /* CoreGraphics.framework */; };
		7F1B56DA185663BC000DF816 /* UIKit.framework in Frameworks */ = {isa = PBXBuildFile; fileRef = 7F1B56D9185663BC000DF816 /* UIKit.framework */; };
		7F1B56E0185663BD000DF816 /* InfoPlist.strings in Resources */ = {isa = PBXBuildFile; fileRef = 7F1B56DE185663BD000DF816 /* InfoPlist.strings */; };
		7F1B56E2185663BD000DF816 /* main.m in Sources */ = {isa = PBXBuildFile; fileRef = 7F1B56E1185663BD000DF816 /* main.m */; };
		7F1B56E6185663BD000DF816 /* AppDelegate.m in Sources */ = {isa = PBXBuildFile; fileRef = 7F1B56E5185663BD000DF816 /* AppDelegate.m */; };
		7F1B56E9185663BD000DF816 /* Main.storyboard in Resources */ = {isa = PBXBuildFile; fileRef = 7F1B56E7185663BD000DF816 /* Main.storyboard */; };
		7F1B56EE185663BD000DF816 /* Images.xcassets in Resources */ = {isa = PBXBuildFile; fileRef = 7F1B56ED185663BD000DF816 /* Images.xcassets */; };
		7F1B56F5185663BD000DF816 /* XCTest.framework in Frameworks */ = {isa = PBXBuildFile; fileRef = 7F1B56F4185663BD000DF816 /* XCTest.framework */; };
		7F1B56F6185663BD000DF816 /* Foundation.framework in Frameworks */ = {isa = PBXBuildFile; fileRef = 7F1B56D5185663BC000DF816 /* Foundation.framework */; };
		7F1B56F7185663BD000DF816 /* UIKit.framework in Frameworks */ = {isa = PBXBuildFile; fileRef = 7F1B56D9185663BC000DF816 /* UIKit.framework */; };
		7F1B56FF185663BD000DF816 /* InfoPlist.strings in Resources */ = {isa = PBXBuildFile; fileRef = 7F1B56FD185663BD000DF816 /* InfoPlist.strings */; };
		7F1B5701185663BD000DF816 /* KZCollectionViewTableLayout_Tests.m in Sources */ = {isa = PBXBuildFile; fileRef = 7F1B5700185663BD000DF816 /* KZCollectionViewTableLayout_Tests.m */; };
		7F1B570C1856647F000DF816 /* KZCollectionViewTableLayout.m in Sources */ = {isa = PBXBuildFile; fileRef = 7F1B570B1856647F000DF816 /* KZCollectionViewTableLayout.m */; };
		7FBB7B37186E479D000A3059 /* KZCornerCell.m in Sources */ = {isa = PBXBuildFile; fileRef = 7FBB7B36186E479D000A3059 /* KZCornerCell.m */; };
		7FBB7B3A186E59C5000A3059 /* KZSampleTableViewController.m in Sources */ = {isa = PBXBuildFile; fileRef = 7FBB7B39186E59C5000A3059 /* KZSampleTableViewController.m */; };
/* End PBXBuildFile section */

/* Begin PBXContainerItemProxy section */
		7F1B56F8185663BD000DF816 /* PBXContainerItemProxy */ = {
			isa = PBXContainerItemProxy;
			containerPortal = 7F1B56CA185663BC000DF816 /* Project object */;
			proxyType = 1;
			remoteGlobalIDString = 7F1B56D1185663BC000DF816;
			remoteInfo = KZCollectionViewTableLayout;
		};
/* End PBXContainerItemProxy section */

/* Begin PBXFileReference section */
		3F492C43D111405AA7A7E511 /* libPods-KZCollectionViewTableLayoutTests.a */ = {isa = PBXFileReference; explicitFileType = archive.ar; includeInIndex = 0; path = "libPods-KZCollectionViewTableLayoutTests.a"; sourceTree = BUILT_PRODUCTS_DIR; };
		7F0729A3186542E800D3412D /* KZTableLayoutCellDelegate.h */ = {isa = PBXFileReference; fileEncoding = 4; lastKnownFileType = sourcecode.c.h; path = KZTableLayoutCellDelegate.h; sourceTree = "<group>"; };
		7F0729A4186542E800D3412D /* KZTableLayoutCellDelegate.m */ = {isa = PBXFileReference; fileEncoding = 4; lastKnownFileType = sourcecode.c.objc; path = KZTableLayoutCellDelegate.m; sourceTree = "<group>"; };
		7F0729A6186543C400D3412D /* KZTableLayoutCellAndHeaderDelegate.h */ = {isa = PBXFileReference; fileEncoding = 4; lastKnownFileType = sourcecode.c.h; path = KZTableLayoutCellAndHeaderDelegate.h; sourceTree = "<group>"; };
		7F0729A7186543C400D3412D /* KZTableLayoutCellAndHeaderDelegate.m */ = {isa = PBXFileReference; fileEncoding = 4; lastKnownFileType = sourcecode.c.objc; path = KZTableLayoutCellAndHeaderDelegate.m; sourceTree = "<group>"; };
		7F0729AC1867B40500D3412D /* KZLabeledHeaderView.h */ = {isa = PBXFileReference; fileEncoding = 4; lastKnownFileType = sourcecode.c.h; path = KZLabeledHeaderView.h; sourceTree = "<group>"; };
		7F0729AD1867B40500D3412D /* KZLabeledHeaderView.m */ = {isa = PBXFileReference; fileEncoding = 4; lastKnownFileType = sourcecode.c.objc; path = KZLabeledHeaderView.m; sourceTree = "<group>"; };
		7F09A6CC185B6801003F31D0 /* KZLabelCell.h */ = {isa = PBXFileReference; fileEncoding = 4; lastKnownFileType = sourcecode.c.h; path = KZLabelCell.h; sourceTree = "<group>"; };
		7F09A6CD185B6801003F31D0 /* KZLabelCell.m */ = {isa = PBXFileReference; fileEncoding = 4; lastKnownFileType = sourcecode.c.objc; path = KZLabelCell.m; sourceTree = "<group>"; };
		7F09A6D3185B6E30003F31D0 /* KZTableLabelDataSource.h */ = {isa = PBXFileReference; fileEncoding = 4; lastKnownFileType = sourcecode.c.h; path = KZTableLabelDataSource.h; sourceTree = "<group>"; };
		7F09A6D4185B6E30003F31D0 /* KZTableLabelDataSource.m */ = {isa = PBXFileReference; fileEncoding = 4; lastKnownFileType = sourcecode.c.objc; path = KZTableLabelDataSource.m; sourceTree = "<group>"; };
		7F1B56D2185663BC000DF816 /* KZCollectionViewTableLayout.app */ = {isa = PBXFileReference; explicitFileType = wrapper.application; includeInIndex = 0; path = KZCollectionViewTableLayout.app; sourceTree = BUILT_PRODUCTS_DIR; };
		7F1B56D5185663BC000DF816 /* Foundation.framework */ = {isa = PBXFileReference; lastKnownFileType = wrapper.framework; name = Foundation.framework; path = System/Library/Frameworks/Foundation.framework; sourceTree = SDKROOT; };
		7F1B56D7185663BC000DF816 /* CoreGraphics.framework */ = {isa = PBXFileReference; lastKnownFileType = wrapper.framework; name = CoreGraphics.framework; path = System/Library/Frameworks/CoreGraphics.framework; sourceTree = SDKROOT; };
		7F1B56D9185663BC000DF816 /* UIKit.framework */ = {isa = PBXFileReference; lastKnownFileType = wrapper.framework; name = UIKit.framework; path = System/Library/Frameworks/UIKit.framework; sourceTree = SDKROOT; };
		7F1B56DD185663BD000DF816 /* KZCollectionViewTableLayout-Info.plist */ = {isa = PBXFileReference; lastKnownFileType = text.plist.xml; path = "KZCollectionViewTableLayout-Info.plist"; sourceTree = "<group>"; };
		7F1B56DF185663BD000DF816 /* en */ = {isa = PBXFileReference; lastKnownFileType = text.plist.strings; name = en; path = en.lproj/InfoPlist.strings; sourceTree = "<group>"; };
		7F1B56E1185663BD000DF816 /* main.m */ = {isa = PBXFileReference; lastKnownFileType = sourcecode.c.objc; path = main.m; sourceTree = "<group>"; };
		7F1B56E3185663BD000DF816 /* KZCollectionViewTableLayout-Prefix.pch */ = {isa = PBXFileReference; lastKnownFileType = sourcecode.c.h; path = "KZCollectionViewTableLayout-Prefix.pch"; sourceTree = "<group>"; };
		7F1B56E4185663BD000DF816 /* AppDelegate.h */ = {isa = PBXFileReference; lastKnownFileType = sourcecode.c.h; path = AppDelegate.h; sourceTree = "<group>"; };
		7F1B56E5185663BD000DF816 /* AppDelegate.m */ = {isa = PBXFileReference; lastKnownFileType = sourcecode.c.objc; path = AppDelegate.m; sourceTree = "<group>"; };
		7F1B56E8185663BD000DF816 /* Base */ = {isa = PBXFileReference; lastKnownFileType = file.storyboard; name = Base; path = Base.lproj/Main.storyboard; sourceTree = "<group>"; };
		7F1B56ED185663BD000DF816 /* Images.xcassets */ = {isa = PBXFileReference; lastKnownFileType = folder.assetcatalog; path = Images.xcassets; sourceTree = "<group>"; };
		7F1B56F3185663BD000DF816 /* KZCollectionViewTableLayoutTests.xctest */ = {isa = PBXFileReference; explicitFileType = wrapper.cfbundle; includeInIndex = 0; path = KZCollectionViewTableLayoutTests.xctest; sourceTree = BUILT_PRODUCTS_DIR; };
		7F1B56F4185663BD000DF816 /* XCTest.framework */ = {isa = PBXFileReference; lastKnownFileType = wrapper.framework; name = XCTest.framework; path = Library/Frameworks/XCTest.framework; sourceTree = DEVELOPER_DIR; };
		7F1B56FC185663BD000DF816 /* KZCollectionViewTableLayoutTests-Info.plist */ = {isa = PBXFileReference; lastKnownFileType = text.plist.xml; path = "KZCollectionViewTableLayoutTests-Info.plist"; sourceTree = "<group>"; };
		7F1B56FE185663BD000DF816 /* en */ = {isa = PBXFileReference; lastKnownFileType = text.plist.strings; name = en; path = en.lproj/InfoPlist.strings; sourceTree = "<group>"; };
		7F1B5700185663BD000DF816 /* KZCollectionViewTableLayout_Tests.m */ = {isa = PBXFileReference; lastKnownFileType = sourcecode.c.objc; path = KZCollectionViewTableLayout_Tests.m; sourceTree = "<group>"; };
		7F1B570A1856647F000DF816 /* KZCollectionViewTableLayout.h */ = {isa = PBXFileReference; fileEncoding = 4; lastKnownFileType = sourcecode.c.h; name = KZCollectionViewTableLayout.h; path = ../../Sources/KZCollectionViewTableLayout.h; sourceTree = "<group>"; };
		7F1B570B1856647F000DF816 /* KZCollectionViewTableLayout.m */ = {isa = PBXFileReference; fileEncoding = 4; lastKnownFileType = sourcecode.c.objc; name = KZCollectionViewTableLayout.m; path = ../../Sources/KZCollectionViewTableLayout.m; sourceTree = "<group>"; };
		7F1B570D185670E2000DF816 /* KZCollectionViewTableLayoutTests-Prefix.pch */ = {isa = PBXFileReference; fileEncoding = 4; lastKnownFileType = sourcecode.c.h; path = "KZCollectionViewTableLayoutTests-Prefix.pch"; sourceTree = "<group>"; };
		7FBB7B35186E479D000A3059 /* KZCornerCell.h */ = {isa = PBXFileReference; fileEncoding = 4; lastKnownFileType = sourcecode.c.h; path = KZCornerCell.h; sourceTree = "<group>"; };
		7FBB7B36186E479D000A3059 /* KZCornerCell.m */ = {isa = PBXFileReference; fileEncoding = 4; lastKnownFileType = sourcecode.c.objc; path = KZCornerCell.m; sourceTree = "<group>"; };
		7FBB7B38186E59C5000A3059 /* KZSampleTableViewController.h */ = {isa = PBXFileReference; fileEncoding = 4; lastKnownFileType = sourcecode.c.h; path = KZSampleTableViewController.h; sourceTree = "<group>"; };
		7FBB7B39186E59C5000A3059 /* KZSampleTableViewController.m */ = {isa = PBXFileReference; fileEncoding = 4; lastKnownFileType = sourcecode.c.objc; path = KZSampleTableViewController.m; sourceTree = "<group>"; };
		C38164C1F6424AD9843150CD /* Pods-KZCollectionViewTableLayoutTests.xcconfig */ = {isa = PBXFileReference; includeInIndex = 1; lastKnownFileType = text.xcconfig; name = "Pods-KZCollectionViewTableLayoutTests.xcconfig"; path = "Pods/Pods-KZCollectionViewTableLayoutTests.xcconfig"; sourceTree = "<group>"; };
/* End PBXFileReference section */

/* Begin PBXFrameworksBuildPhase section */
		7F1B56CF185663BC000DF816 /* Frameworks */ = {
			isa = PBXFrameworksBuildPhase;
			buildActionMask = 2147483647;
			files = (
				7F1B56D8185663BC000DF816 /* CoreGraphics.framework in Frameworks */,
				7F1B56DA185663BC000DF816 /* UIKit.framework in Frameworks */,
				7F1B56D6185663BC000DF816 /* Foundation.framework in Frameworks */,
			);
			runOnlyForDeploymentPostprocessing = 0;
		};
		7F1B56F0185663BD000DF816 /* Frameworks */ = {
			isa = PBXFrameworksBuildPhase;
			buildActionMask = 2147483647;
			files = (
				7F1B56F5185663BD000DF816 /* XCTest.framework in Frameworks */,
				7F1B56F7185663BD000DF816 /* UIKit.framework in Frameworks */,
				7F1B56F6185663BD000DF816 /* Foundation.framework in Frameworks */,
				2BA1AE78C20540738142CF2B /* libPods-KZCollectionViewTableLayoutTests.a in Frameworks */,
			);
			runOnlyForDeploymentPostprocessing = 0;
		};
/* End PBXFrameworksBuildPhase section */

/* Begin PBXGroup section */
		7F1B56C9185663BC000DF816 = {
			isa = PBXGroup;
			children = (
				7F1B56DB185663BD000DF816 /* KZCollectionViewTableLayout */,
				7F1B56FA185663BD000DF816 /* KZCollectionViewTableLayoutTests */,
				7F1B56D4185663BC000DF816 /* Frameworks */,
				7F1B56D3185663BC000DF816 /* Products */,
				C38164C1F6424AD9843150CD /* Pods-KZCollectionViewTableLayoutTests.xcconfig */,
			);
			sourceTree = "<group>";
		};
		7F1B56D3185663BC000DF816 /* Products */ = {
			isa = PBXGroup;
			children = (
				7F1B56D2185663BC000DF816 /* KZCollectionViewTableLayout.app */,
				7F1B56F3185663BD000DF816 /* KZCollectionViewTableLayoutTests.xctest */,
			);
			name = Products;
			sourceTree = "<group>";
		};
		7F1B56D4185663BC000DF816 /* Frameworks */ = {
			isa = PBXGroup;
			children = (
				7F1B56D5185663BC000DF816 /* Foundation.framework */,
				7F1B56D7185663BC000DF816 /* CoreGraphics.framework */,
				7F1B56D9185663BC000DF816 /* UIKit.framework */,
				7F1B56F4185663BD000DF816 /* XCTest.framework */,
				3F492C43D111405AA7A7E511 /* libPods-KZCollectionViewTableLayoutTests.a */,
			);
			name = Frameworks;
			sourceTree = "<group>";
		};
		7F1B56DB185663BD000DF816 /* KZCollectionViewTableLayout */ = {
			isa = PBXGroup;
			children = (
				7FBB7B38186E59C5000A3059 /* KZSampleTableViewController.h */,
				7FBB7B39186E59C5000A3059 /* KZSampleTableViewController.m */,
				7F1B570A1856647F000DF816 /* KZCollectionViewTableLayout.h */,
				7F1B570B1856647F000DF816 /* KZCollectionViewTableLayout.m */,
				7F1B56E4185663BD000DF816 /* AppDelegate.h */,
				7F1B56E5185663BD000DF816 /* AppDelegate.m */,
				7F1B56E7185663BD000DF816 /* Main.storyboard */,
				7F1B56ED185663BD000DF816 /* Images.xcassets */,
				7F1B56DC185663BD000DF816 /* Supporting Files */,
				7F09A6CC185B6801003F31D0 /* KZLabelCell.h */,
				7F09A6CD185B6801003F31D0 /* KZLabelCell.m */,
				7F09A6D3185B6E30003F31D0 /* KZTableLabelDataSource.h */,
				7F09A6D4185B6E30003F31D0 /* KZTableLabelDataSource.m */,
				7F0729AC1867B40500D3412D /* KZLabeledHeaderView.h */,
				7F0729AD1867B40500D3412D /* KZLabeledHeaderView.m */,
				7FBB7B35186E479D000A3059 /* KZCornerCell.h */,
				7FBB7B36186E479D000A3059 /* KZCornerCell.m */,
			);
			path = KZCollectionViewTableLayout;
			sourceTree = "<group>";
		};
		7F1B56DC185663BD000DF816 /* Supporting Files */ = {
			isa = PBXGroup;
			children = (
				7F1B56DD185663BD000DF816 /* KZCollectionViewTableLayout-Info.plist */,
				7F1B56DE185663BD000DF816 /* InfoPlist.strings */,
				7F1B56E1185663BD000DF816 /* main.m */,
				7F1B56E3185663BD000DF816 /* KZCollectionViewTableLayout-Prefix.pch */,
			);
			name = "Supporting Files";
			sourceTree = "<group>";
		};
		7F1B56FA185663BD000DF816 /* KZCollectionViewTableLayoutTests */ = {
			isa = PBXGroup;
			children = (
				7F1B5700185663BD000DF816 /* KZCollectionViewTableLayout_Tests.m */,
				7F1B56FB185663BD000DF816 /* Supporting Files */,
				7F0729A3186542E800D3412D /* KZTableLayoutCellDelegate.h */,
				7F0729A4186542E800D3412D /* KZTableLayoutCellDelegate.m */,
				7F0729A6186543C400D3412D /* KZTableLayoutCellAndHeaderDelegate.h */,
				7F0729A7186543C400D3412D /* KZTableLayoutCellAndHeaderDelegate.m */,
			);
			path = KZCollectionViewTableLayoutTests;
			sourceTree = "<group>";
		};
		7F1B56FB185663BD000DF816 /* Supporting Files */ = {
			isa = PBXGroup;
			children = (
				7F1B56FC185663BD000DF816 /* KZCollectionViewTableLayoutTests-Info.plist */,
				7F1B56FD185663BD000DF816 /* InfoPlist.strings */,
				7F1B570D185670E2000DF816 /* KZCollectionViewTableLayoutTests-Prefix.pch */,
			);
			name = "Supporting Files";
			sourceTree = "<group>";
		};
/* End PBXGroup section */

/* Begin PBXNativeTarget section */
		7F1B56D1185663BC000DF816 /* KZCollectionViewTableLayout */ = {
			isa = PBXNativeTarget;
			buildConfigurationList = 7F1B5704185663BD000DF816 /* Build configuration list for PBXNativeTarget "KZCollectionViewTableLayout" */;
			buildPhases = (
				7F1B56CE185663BC000DF816 /* Sources */,
				7F1B56CF185663BC000DF816 /* Frameworks */,
				7F1B56D0185663BC000DF816 /* Resources */,
			);
			buildRules = (
			);
			dependencies = (
			);
			name = KZCollectionViewTableLayout;
			productName = KZCollectionViewTableLayout;
			productReference = 7F1B56D2185663BC000DF816 /* KZCollectionViewTableLayout.app */;
			productType = "com.apple.product-type.application";
		};
		7F1B56F2185663BD000DF816 /* KZCollectionViewTableLayoutTests */ = {
			isa = PBXNativeTarget;
			buildConfigurationList = 7F1B5707185663BD000DF816 /* Build configuration list for PBXNativeTarget "KZCollectionViewTableLayoutTests" */;
			buildPhases = (
				E892618DC21E4A4BA6993607 /* Check Pods Manifest.lock */,
				7F1B56EF185663BD000DF816 /* Sources */,
				7F1B56F0185663BD000DF816 /* Frameworks */,
				7F1B56F1185663BD000DF816 /* Resources */,
				92D016D8A1DF4E5395A0AE0F /* Copy Pods Resources */,
			);
			buildRules = (
			);
			dependencies = (
				7F1B56F9185663BD000DF816 /* PBXTargetDependency */,
			);
			name = KZCollectionViewTableLayoutTests;
			productName = KZCollectionViewTableLayoutTests;
			productReference = 7F1B56F3185663BD000DF816 /* KZCollectionViewTableLayoutTests.xctest */;
			productType = "com.apple.product-type.bundle.unit-test";
		};
/* End PBXNativeTarget section */

/* Begin PBXProject section */
		7F1B56CA185663BC000DF816 /* Project object */ = {
			isa = PBXProject;
			attributes = {
				LastUpgradeCheck = 0500;
				ORGANIZATIONNAME = "James Richard";
				TargetAttributes = {
					7F1B56D1185663BC000DF816 = {
						DevelopmentTeam = E9BG3AJZ7D;
					};
					7F1B56F2185663BD000DF816 = {
						TestTargetID = 7F1B56D1185663BC000DF816;
					};
				};
			};
			buildConfigurationList = 7F1B56CD185663BC000DF816 /* Build configuration list for PBXProject "KZCollectionViewTableLayout" */;
			compatibilityVersion = "Xcode 3.2";
			developmentRegion = English;
			hasScannedForEncodings = 0;
			knownRegions = (
				en,
				Base,
			);
			mainGroup = 7F1B56C9185663BC000DF816;
			productRefGroup = 7F1B56D3185663BC000DF816 /* Products */;
			projectDirPath = "";
			projectRoot = "";
			targets = (
				7F1B56D1185663BC000DF816 /* KZCollectionViewTableLayout */,
				7F1B56F2185663BD000DF816 /* KZCollectionViewTableLayoutTests */,
			);
		};
/* End PBXProject section */

/* Begin PBXResourcesBuildPhase section */
		7F1B56D0185663BC000DF816 /* Resources */ = {
			isa = PBXResourcesBuildPhase;
			buildActionMask = 2147483647;
			files = (
				7F1B56EE185663BD000DF816 /* Images.xcassets in Resources */,
				7F1B56E0185663BD000DF816 /* InfoPlist.strings in Resources */,
				7F1B56E9185663BD000DF816 /* Main.storyboard in Resources */,
			);
			runOnlyForDeploymentPostprocessing = 0;
		};
		7F1B56F1185663BD000DF816 /* Resources */ = {
			isa = PBXResourcesBuildPhase;
			buildActionMask = 2147483647;
			files = (
				7F1B56FF185663BD000DF816 /* InfoPlist.strings in Resources */,
			);
			runOnlyForDeploymentPostprocessing = 0;
		};
/* End PBXResourcesBuildPhase section */

/* Begin PBXShellScriptBuildPhase section */
		92D016D8A1DF4E5395A0AE0F /* Copy Pods Resources */ = {
			isa = PBXShellScriptBuildPhase;
			buildActionMask = 2147483647;
			files = (
			);
			inputPaths = (
			);
			name = "Copy Pods Resources";
			outputPaths = (
			);
			runOnlyForDeploymentPostprocessing = 0;
			shellPath = /bin/sh;
			shellScript = "\"${SRCROOT}/Pods/Pods-KZCollectionViewTableLayoutTests-resources.sh\"\n";
			showEnvVarsInLog = 0;
		};
		E892618DC21E4A4BA6993607 /* Check Pods Manifest.lock */ = {
			isa = PBXShellScriptBuildPhase;
			buildActionMask = 2147483647;
			files = (
			);
			inputPaths = (
			);
			name = "Check Pods Manifest.lock";
			outputPaths = (
			);
			runOnlyForDeploymentPostprocessing = 0;
			shellPath = /bin/sh;
			shellScript = "diff \"${PODS_ROOT}/../Podfile.lock\" \"${PODS_ROOT}/Manifest.lock\" > /dev/null\nif [[ $? != 0 ]] ; then\n    cat << EOM\nerror: The sandbox is not in sync with the Podfile.lock. Run 'pod install' or update your CocoaPods installation.\nEOM\n    exit 1\nfi\n";
			showEnvVarsInLog = 0;
		};
/* End PBXShellScriptBuildPhase section */

/* Begin PBXSourcesBuildPhase section */
		7F1B56CE185663BC000DF816 /* Sources */ = {
			isa = PBXSourcesBuildPhase;
			buildActionMask = 2147483647;
			files = (
				7FBB7B37186E479D000A3059 /* KZCornerCell.m in Sources */,
				7F09A6CE185B6801003F31D0 /* KZLabelCell.m in Sources */,
				7F0729AE1867B40500D3412D /* KZLabeledHeaderView.m in Sources */,
				7F09A6D5185B6E30003F31D0 /* KZTableLabelDataSource.m in Sources */,
				7F1B56E6185663BD000DF816 /* AppDelegate.m in Sources */,
				7F1B570C1856647F000DF816 /* KZCollectionViewTableLayout.m in Sources */,
				7FBB7B3A186E59C5000A3059 /* KZSampleTableViewController.m in Sources */,
				7F1B56E2185663BD000DF816 /* main.m in Sources */,
			);
			runOnlyForDeploymentPostprocessing = 0;
		};
		7F1B56EF185663BD000DF816 /* Sources */ = {
			isa = PBXSourcesBuildPhase;
			buildActionMask = 2147483647;
			files = (
				7F0729A5186542E800D3412D /* KZTableLayoutCellDelegate.m in Sources */,
				7F0729A8186543C400D3412D /* KZTableLayoutCellAndHeaderDelegate.m in Sources */,
				7F1B5701185663BD000DF816 /* KZCollectionViewTableLayout_Tests.m in Sources */,
			);
			runOnlyForDeploymentPostprocessing = 0;
		};
/* End PBXSourcesBuildPhase section */

/* Begin PBXTargetDependency section */
		7F1B56F9185663BD000DF816 /* PBXTargetDependency */ = {
			isa = PBXTargetDependency;
			target = 7F1B56D1185663BC000DF816 /* KZCollectionViewTableLayout */;
			targetProxy = 7F1B56F8185663BD000DF816 /* PBXContainerItemProxy */;
		};
/* End PBXTargetDependency section */

/* Begin PBXVariantGroup section */
		7F1B56DE185663BD000DF816 /* InfoPlist.strings */ = {
			isa = PBXVariantGroup;
			children = (
				7F1B56DF185663BD000DF816 /* en */,
			);
			name = InfoPlist.strings;
			sourceTree = "<group>";
		};
		7F1B56E7185663BD000DF816 /* Main.storyboard */ = {
			isa = PBXVariantGroup;
			children = (
				7F1B56E8185663BD000DF816 /* Base */,
			);
			name = Main.storyboard;
			sourceTree = "<group>";
		};
		7F1B56FD185663BD000DF816 /* InfoPlist.strings */ = {
			isa = PBXVariantGroup;
			children = (
				7F1B56FE185663BD000DF816 /* en */,
			);
			name = InfoPlist.strings;
			sourceTree = "<group>";
		};
/* End PBXVariantGroup section */

/* Begin XCBuildConfiguration section */
		7F1B5702185663BD000DF816 /* Debug */ = {
			isa = XCBuildConfiguration;
			buildSettings = {
				ALWAYS_SEARCH_USER_PATHS = NO;
				ARCHS = "$(ARCHS_STANDARD_INCLUDING_64_BIT)";
				CLANG_CXX_LANGUAGE_STANDARD = "gnu++0x";
				CLANG_CXX_LIBRARY = "libc++";
				CLANG_ENABLE_MODULES = YES;
				CLANG_ENABLE_OBJC_ARC = YES;
				CLANG_WARN_BOOL_CONVERSION = YES;
				CLANG_WARN_CONSTANT_CONVERSION = YES;
				CLANG_WARN_DIRECT_OBJC_ISA_USAGE = YES_ERROR;
				CLANG_WARN_EMPTY_BODY = YES;
				CLANG_WARN_ENUM_CONVERSION = YES;
				CLANG_WARN_INT_CONVERSION = YES;
				CLANG_WARN_OBJC_ROOT_CLASS = YES_ERROR;
				CLANG_WARN__DUPLICATE_METHOD_MATCH = YES;
				CODE_SIGN_IDENTITY = "iPhone Developer";
				"CODE_SIGN_IDENTITY[sdk=iphoneos*]" = "iPhone Developer";
				COPY_PHASE_STRIP = NO;
				GCC_C_LANGUAGE_STANDARD = gnu99;
				GCC_DYNAMIC_NO_PIC = NO;
				GCC_OPTIMIZATION_LEVEL = 0;
				GCC_PREPROCESSOR_DEFINITIONS = (
					"DEBUG=1",
					"$(inherited)",
				);
				GCC_SYMBOLS_PRIVATE_EXTERN = NO;
				GCC_WARN_64_TO_32_BIT_CONVERSION = YES;
				GCC_WARN_ABOUT_RETURN_TYPE = YES_ERROR;
				GCC_WARN_UNDECLARED_SELECTOR = YES;
				GCC_WARN_UNINITIALIZED_AUTOS = YES;
				GCC_WARN_UNUSED_FUNCTION = YES;
				GCC_WARN_UNUSED_VARIABLE = YES;
				IPHONEOS_DEPLOYMENT_TARGET = 7.0;
				ONLY_ACTIVE_ARCH = YES;
				SDKROOT = iphoneos;
			};
			name = Debug;
		};
		7F1B5703185663BD000DF816 /* Release */ = {
			isa = XCBuildConfiguration;
			buildSettings = {
				ALWAYS_SEARCH_USER_PATHS = NO;
				ARCHS = "$(ARCHS_STANDARD_INCLUDING_64_BIT)";
				CLANG_CXX_LANGUAGE_STANDARD = "gnu++0x";
				CLANG_CXX_LIBRARY = "libc++";
				CLANG_ENABLE_MODULES = YES;
				CLANG_ENABLE_OBJC_ARC = YES;
				CLANG_WARN_BOOL_CONVERSION = YES;
				CLANG_WARN_CONSTANT_CONVERSION = YES;
				CLANG_WARN_DIRECT_OBJC_ISA_USAGE = YES_ERROR;
				CLANG_WARN_EMPTY_BODY = YES;
				CLANG_WARN_ENUM_CONVERSION = YES;
				CLANG_WARN_INT_CONVERSION = YES;
				CLANG_WARN_OBJC_ROOT_CLASS = YES_ERROR;
				CLANG_WARN__DUPLICATE_METHOD_MATCH = YES;
				"CODE_SIGN_IDENTITY[sdk=iphoneos*]" = "iPhone Developer";
				COPY_PHASE_STRIP = YES;
				ENABLE_NS_ASSERTIONS = NO;
				GCC_C_LANGUAGE_STANDARD = gnu99;
				GCC_WARN_64_TO_32_BIT_CONVERSION = YES;
				GCC_WARN_ABOUT_RETURN_TYPE = YES_ERROR;
				GCC_WARN_UNDECLARED_SELECTOR = YES;
				GCC_WARN_UNINITIALIZED_AUTOS = YES;
				GCC_WARN_UNUSED_FUNCTION = YES;
				GCC_WARN_UNUSED_VARIABLE = YES;
				IPHONEOS_DEPLOYMENT_TARGET = 7.0;
				SDKROOT = iphoneos;
				VALIDATE_PRODUCT = YES;
			};
			name = Release;
		};
		7F1B5705185663BD000DF816 /* Debug */ = {
			isa = XCBuildConfiguration;
			buildSettings = {
				ASSETCATALOG_COMPILER_APPICON_NAME = AppIcon;
				ASSETCATALOG_COMPILER_LAUNCHIMAGE_NAME = LaunchImage;
				CODE_SIGN_IDENTITY = "iPhone Developer";
				"CODE_SIGN_IDENTITY[sdk=iphoneos*]" = "iPhone Developer";
				GCC_PRECOMPILE_PREFIX_HEADER = YES;
				GCC_PREFIX_HEADER = "KZCollectionViewTableLayout/KZCollectionViewTableLayout-Prefix.pch";
				INFOPLIST_FILE = "KZCollectionViewTableLayout/KZCollectionViewTableLayout-Info.plist";
				PRODUCT_NAME = "$(TARGET_NAME)";
				PROVISIONING_PROFILE = "";
				WRAPPER_EXTENSION = app;
			};
			name = Debug;
		};
		7F1B5706185663BD000DF816 /* Release */ = {
			isa = XCBuildConfiguration;
			buildSettings = {
				ASSETCATALOG_COMPILER_APPICON_NAME = AppIcon;
				ASSETCATALOG_COMPILER_LAUNCHIMAGE_NAME = LaunchImage;
				CODE_SIGN_IDENTITY = "iPhone Developer";
				"CODE_SIGN_IDENTITY[sdk=iphoneos*]" = "iPhone Developer";
				GCC_PRECOMPILE_PREFIX_HEADER = YES;
				GCC_PREFIX_HEADER = "KZCollectionViewTableLayout/KZCollectionViewTableLayout-Prefix.pch";
				INFOPLIST_FILE = "KZCollectionViewTableLayout/KZCollectionViewTableLayout-Info.plist";
				PRODUCT_NAME = "$(TARGET_NAME)";
				PROVISIONING_PROFILE = "";
				WRAPPER_EXTENSION = app;
			};
			name = Release;
		};
		7F1B5708185663BD000DF816 /* Debug */ = {
			isa = XCBuildConfiguration;
			baseConfigurationReference = C38164C1F6424AD9843150CD /* Pods-KZCollectionViewTableLayoutTests.xcconfig */;
			buildSettings = {
				ARCHS = "$(ARCHS_STANDARD_INCLUDING_64_BIT)";
				BUNDLE_LOADER = "$(BUILT_PRODUCTS_DIR)/KZCollectionViewTableLayout.app/KZCollectionViewTableLayout";
				FRAMEWORK_SEARCH_PATHS = (
					"$(SDKROOT)/Developer/Library/Frameworks",
					"$(inherited)",
					"$(DEVELOPER_FRAMEWORKS_DIR)",
				);
				GCC_PRECOMPILE_PREFIX_HEADER = YES;
				GCC_PREFIX_HEADER = "KZCollectionViewTableLayoutTests/KZCollectionViewTableLayoutTests-Prefix.pch";
				GCC_PREPROCESSOR_DEFINITIONS = (
					"DEBUG=1",
					"$(inherited)",
				);
				INFOPLIST_FILE = "KZCollectionViewTableLayoutTests/KZCollectionViewTableLayoutTests-Info.plist";
				PRODUCT_NAME = "$(TARGET_NAME)";
				TEST_HOST = "$(BUNDLE_LOADER)";
				WRAPPER_EXTENSION = xctest;
			};
			name = Debug;
		};
		7F1B5709185663BD000DF816 /* Release */ = {
			isa = XCBuildConfiguration;
			baseConfigurationReference = C38164C1F6424AD9843150CD /* Pods-KZCollectionViewTableLayoutTests.xcconfig */;
			buildSettings = {
				ARCHS = "$(ARCHS_STANDARD_INCLUDING_64_BIT)";
				BUNDLE_LOADER = "$(BUILT_PRODUCTS_DIR)/KZCollectionViewTableLayout.app/KZCollectionViewTableLayout";
				FRAMEWORK_SEARCH_PATHS = (
					"$(SDKROOT)/Developer/Library/Frameworks",
					"$(inherited)",
					"$(DEVELOPER_FRAMEWORKS_DIR)",
				);
				GCC_PRECOMPILE_PREFIX_HEADER = YES;
				GCC_PREFIX_HEADER = "KZCollectionViewTableLayoutTests/KZCollectionViewTableLayoutTests-Prefix.pch";
				INFOPLIST_FILE = "KZCollectionViewTableLayoutTests/KZCollectionViewTableLayoutTests-Info.plist";
				PRODUCT_NAME = "$(TARGET_NAME)";
				TEST_HOST = "$(BUNDLE_LOADER)";
				WRAPPER_EXTENSION = xctest;
			};
			name = Release;
		};
/* End XCBuildConfiguration section */

/* Begin XCConfigurationList section */
		7F1B56CD185663BC000DF816 /* Build configuration list for PBXProject "KZCollectionViewTableLayout" */ = {
			isa = XCConfigurationList;
			buildConfigurations = (
				7F1B5702185663BD000DF816 /* Debug */,
				7F1B5703185663BD000DF816 /* Release */,
			);
			defaultConfigurationIsVisible = 0;
			defaultConfigurationName = Release;
		};
		7F1B5704185663BD000DF816 /* Build configuration list for PBXNativeTarget "KZCollectionViewTableLayout" */ = {
			isa = XCConfigurationList;
			buildConfigurations = (
				7F1B5705185663BD000DF816 /* Debug */,
				7F1B5706185663BD000DF816 /* Release */,
			);
			defaultConfigurationIsVisible = 0;
			defaultConfigurationName = Release;
		};
		7F1B5707185663BD000DF816 /* Build configuration list for PBXNativeTarget "KZCollectionViewTableLayoutTests" */ = {
			isa = XCConfigurationList;
			buildConfigurations = (
				7F1B5708185663BD000DF816 /* Debug */,
				7F1B5709185663BD000DF816 /* Release */,
			);
			defaultConfigurationIsVisible = 0;
			defaultConfigurationName = Release;
		};
/* End XCConfigurationList section */
	};
	rootObject = 7F1B56CA185663BC000DF816 /* Project object */;
}
